// !$*UTF8*$!
{
	archiveVersion = 1;
	classes = {
	};
	objectVersion = 46;
	objects = {

/* Begin PBXBuildFile section */
		4F02223F341021FFD838E319 /* libPods-VivaDecoraTests.a in Frameworks */ = {isa = PBXBuildFile; fileRef = 6BEA9C20F962959F6FA51F0E /* libPods-VivaDecoraTests.a */; };
		8B30C2D11D98C6C50030270C /* DetailsApi.m in Sources */ = {isa = PBXBuildFile; fileRef = 8B30C2D01D98C6C50030270C /* DetailsApi.m */; };
		8B30C2D41D98CBF40030270C /* DetailViewModel.m in Sources */ = {isa = PBXBuildFile; fileRef = 8B30C2D31D98CBF40030270C /* DetailViewModel.m */; };
		8B30C2DA1D98DD1C0030270C /* loader.gif in Resources */ = {isa = PBXBuildFile; fileRef = 8B30C2D91D98DD1C0030270C /* loader.gif */; };
		8B30C2DE1D98E8F50030270C /* ViewController.m in Sources */ = {isa = PBXBuildFile; fileRef = 8B30C2DD1D98E8F50030270C /* ViewController.m */; };
		8B30C2E41D98EDD90030270C /* loading_angle-mask@2x.png in Resources */ = {isa = PBXBuildFile; fileRef = 8B30C2DF1D98EDD90030270C /* loading_angle-mask@2x.png */; };
		8B30C2E51D98EDD90030270C /* loading_error_black@2x.png in Resources */ = {isa = PBXBuildFile; fileRef = 8B30C2E01D98EDD90030270C /* loading_error_black@2x.png */; };
		8B30C2E61D98EDD90030270C /* loading_error_white@2x.png in Resources */ = {isa = PBXBuildFile; fileRef = 8B30C2E11D98EDD90030270C /* loading_error_white@2x.png */; };
		8B30C2E71D98EDD90030270C /* loading_success_black@2x.png in Resources */ = {isa = PBXBuildFile; fileRef = 8B30C2E21D98EDD90030270C /* loading_success_black@2x.png */; };
		8B30C2E81D98EDD90030270C /* loading_success_white@2x.png in Resources */ = {isa = PBXBuildFile; fileRef = 8B30C2E31D98EDD90030270C /* loading_success_white@2x.png */; };
		8B579AB91D94BFD900850458 /* main.m in Sources */ = {isa = PBXBuildFile; fileRef = 8B579AB81D94BFD900850458 /* main.m */; };
		8B579ABC1D94BFD900850458 /* AppDelegate.m in Sources */ = {isa = PBXBuildFile; fileRef = 8B579ABB1D94BFD900850458 /* AppDelegate.m */; };
		8B579ABF1D94BFD900850458 /* ListViewController.m in Sources */ = {isa = PBXBuildFile; fileRef = 8B579ABE1D94BFD900850458 /* ListViewController.m */; };
		8B579AC21D94BFD900850458 /* Main.storyboard in Resources */ = {isa = PBXBuildFile; fileRef = 8B579AC01D94BFD900850458 /* Main.storyboard */; };
		8B579AC41D94BFD900850458 /* Assets.xcassets in Resources */ = {isa = PBXBuildFile; fileRef = 8B579AC31D94BFD900850458 /* Assets.xcassets */; };
		8B579AC71D94BFD900850458 /* LaunchScreen.storyboard in Resources */ = {isa = PBXBuildFile; fileRef = 8B579AC51D94BFD900850458 /* LaunchScreen.storyboard */; };
		8B579AD21D94BFD900850458 /* VivaDecoraTests.m in Sources */ = {isa = PBXBuildFile; fileRef = 8B579AD11D94BFD900850458 /* VivaDecoraTests.m */; };
		8B579ADD1D94BFD900850458 /* VivaDecoraUITests.m in Sources */ = {isa = PBXBuildFile; fileRef = 8B579ADC1D94BFD900850458 /* VivaDecoraUITests.m */; };
		8B579AEF1D94D72600850458 /* ListAvfm.h in Resources */ = {isa = PBXBuildFile; fileRef = 8B579AEB1D94D72600850458 /* ListAvfm.h */; };
		8B579AF01D94D72600850458 /* ListAvfm.m in Resources */ = {isa = PBXBuildFile; fileRef = 8B579AEC1D94D72600850458 /* ListAvfm.m */; };
		8B579AF11D94D72600850458 /* ListRootClass.h in Resources */ = {isa = PBXBuildFile; fileRef = 8B579AED1D94D72600850458 /* ListRootClass.h */; };
		8B579AF21D94D72600850458 /* ListRootClass.m in Resources */ = {isa = PBXBuildFile; fileRef = 8B579AEE1D94D72600850458 /* ListRootClass.m */; };
		8B579AF41D94DB5600850458 /* ListAvfm.m in Sources */ = {isa = PBXBuildFile; fileRef = 8B579AEC1D94D72600850458 /* ListAvfm.m */; };
		8B579AF61D94DB5600850458 /* ListRootClass.m in Sources */ = {isa = PBXBuildFile; fileRef = 8B579AEE1D94D72600850458 /* ListRootClass.m */; };
		8B579AF81D94F32100850458 /* ListViewControllerTest.m in Sources */ = {isa = PBXBuildFile; fileRef = 8B579AF71D94F32100850458 /* ListViewControllerTest.m */; };
		8B579AFB1D94FC6A00850458 /* ListViewController+Delegate.m in Sources */ = {isa = PBXBuildFile; fileRef = 8B579AFA1D94FC6A00850458 /* ListViewController+Delegate.m */; };
		8B579AFE1D94FC8C00850458 /* ListViewController+DataSource.m in Sources */ = {isa = PBXBuildFile; fileRef = 8B579AFD1D94FC8C00850458 /* ListViewController+DataSource.m */; };
		8B579B031D95079100850458 /* ListCell.m in Sources */ = {isa = PBXBuildFile; fileRef = 8B579B021D95079100850458 /* ListCell.m */; };
		8B579B061D962B2300850458 /* ListViewController+FlowLayout.m in Sources */ = {isa = PBXBuildFile; fileRef = 8B579B051D962B2300850458 /* ListViewController+FlowLayout.m */; };
		8B960A881D979779004B5F6E /* DetailsViewController.m in Sources */ = {isa = PBXBuildFile; fileRef = 8B960A871D979779004B5F6E /* DetailsViewController.m */; };
		8B960A8B1D979AD9004B5F6E /* DetailCell.m in Sources */ = {isa = PBXBuildFile; fileRef = 8B960A8A1D979AD9004B5F6E /* DetailCell.m */; };
		8B960A901D984968004B5F6E /* DetailsAvfm.m in Sources */ = {isa = PBXBuildFile; fileRef = 8B960A8D1D984968004B5F6E /* DetailsAvfm.m */; };
		8B960A911D984968004B5F6E /* DetailsRootClass.m in Sources */ = {isa = PBXBuildFile; fileRef = 8B960A8F1D984968004B5F6E /* DetailsRootClass.m */; };
		8B960A941D984C43004B5F6E /* DetailsViewController+Datasource.m in Sources */ = {isa = PBXBuildFile; fileRef = 8B960A931D984C43004B5F6E /* DetailsViewController+Datasource.m */; };
		8B960A971D984C63004B5F6E /* DetailsViewController+Delegate.m in Sources */ = {isa = PBXBuildFile; fileRef = 8B960A961D984C63004B5F6E /* DetailsViewController+Delegate.m */; };
		8BB20ACA1D96CD0A007D0607 /* ListViewModel.m in Sources */ = {isa = PBXBuildFile; fileRef = 8BB20AC91D96CD0A007D0607 /* ListViewModel.m */; };
		8BB20ACE1D96D1B4007D0607 /* ListApi.m in Sources */ = {isa = PBXBuildFile; fileRef = 8BB20ACD1D96D1B4007D0607 /* ListApi.m */; };
		8BB20AD71D970312007D0607 /* ListViewManager.m in Sources */ = {isa = PBXBuildFile; fileRef = 8BB20AD61D970312007D0607 /* ListViewManager.m */; };
		8BBD70AE1D9D26F100BC2ACE /* DetailsViewManager.m in Sources */ = {isa = PBXBuildFile; fileRef = 8BBD70AD1D9D26F100BC2ACE /* DetailsViewManager.m */; };
		C7EE038A75B58986B3B3367B /* libPods-VivaDecora.a in Frameworks */ = {isa = PBXBuildFile; fileRef = EED24E62813B50FBBC2ABD28 /* libPods-VivaDecora.a */; };
		FD6422DCB6D349D3C9DFDADE /* libPods-VivaDecoraUITests.a in Frameworks */ = {isa = PBXBuildFile; fileRef = B95E5AE3B5520D2F07F6E165 /* libPods-VivaDecoraUITests.a */; };
/* End PBXBuildFile section */

/* Begin PBXContainerItemProxy section */
		8B579ACE1D94BFD900850458 /* PBXContainerItemProxy */ = {
			isa = PBXContainerItemProxy;
			containerPortal = 8B579AAC1D94BFD900850458 /* Project object */;
			proxyType = 1;
			remoteGlobalIDString = 8B579AB31D94BFD900850458;
			remoteInfo = VivaDecora;
		};
		8B579AD91D94BFD900850458 /* PBXContainerItemProxy */ = {
			isa = PBXContainerItemProxy;
			containerPortal = 8B579AAC1D94BFD900850458 /* Project object */;
			proxyType = 1;
			remoteGlobalIDString = 8B579AB31D94BFD900850458;
			remoteInfo = VivaDecora;
		};
/* End PBXContainerItemProxy section */

/* Begin PBXFileReference section */
		3D2868D9FAEA1899787659F1 /* Pods-VivaDecoraTests.release.xcconfig */ = {isa = PBXFileReference; includeInIndex = 1; lastKnownFileType = text.xcconfig; name = "Pods-VivaDecoraTests.release.xcconfig"; path = "Pods/Target Support Files/Pods-VivaDecoraTests/Pods-VivaDecoraTests.release.xcconfig"; sourceTree = "<group>"; };
		6BEA9C20F962959F6FA51F0E /* libPods-VivaDecoraTests.a */ = {isa = PBXFileReference; explicitFileType = archive.ar; includeInIndex = 0; path = "libPods-VivaDecoraTests.a"; sourceTree = BUILT_PRODUCTS_DIR; };
		78CA9208B8F76A4B8476B8C7 /* Pods-VivaDecoraUITests.debug.xcconfig */ = {isa = PBXFileReference; includeInIndex = 1; lastKnownFileType = text.xcconfig; name = "Pods-VivaDecoraUITests.debug.xcconfig"; path = "Pods/Target Support Files/Pods-VivaDecoraUITests/Pods-VivaDecoraUITests.debug.xcconfig"; sourceTree = "<group>"; };
		81FCCAEF1844846BBB94FF0C /* Pods-VivaDecoraUITests.release.xcconfig */ = {isa = PBXFileReference; includeInIndex = 1; lastKnownFileType = text.xcconfig; name = "Pods-VivaDecoraUITests.release.xcconfig"; path = "Pods/Target Support Files/Pods-VivaDecoraUITests/Pods-VivaDecoraUITests.release.xcconfig"; sourceTree = "<group>"; };
		82A5119DB6D764C88C7E329A /* Pods-VivaDecoraTests.debug.xcconfig */ = {isa = PBXFileReference; includeInIndex = 1; lastKnownFileType = text.xcconfig; name = "Pods-VivaDecoraTests.debug.xcconfig"; path = "Pods/Target Support Files/Pods-VivaDecoraTests/Pods-VivaDecoraTests.debug.xcconfig"; sourceTree = "<group>"; };
		8B30C2CF1D98C6C50030270C /* DetailsApi.h */ = {isa = PBXFileReference; fileEncoding = 4; lastKnownFileType = sourcecode.c.h; name = DetailsApi.h; path = Network/DetailsApi.h; sourceTree = "<group>"; };
		8B30C2D01D98C6C50030270C /* DetailsApi.m */ = {isa = PBXFileReference; fileEncoding = 4; lastKnownFileType = sourcecode.c.objc; name = DetailsApi.m; path = Network/DetailsApi.m; sourceTree = "<group>"; };
		8B30C2D21D98CBF40030270C /* DetailViewModel.h */ = {isa = PBXFileReference; fileEncoding = 4; lastKnownFileType = sourcecode.c.h; name = DetailViewModel.h; path = ViewModel/DetailViewModel.h; sourceTree = "<group>"; };
		8B30C2D31D98CBF40030270C /* DetailViewModel.m */ = {isa = PBXFileReference; fileEncoding = 4; lastKnownFileType = sourcecode.c.objc; name = DetailViewModel.m; path = ViewModel/DetailViewModel.m; sourceTree = "<group>"; };
		8B30C2D91D98DD1C0030270C /* loader.gif */ = {isa = PBXFileReference; lastKnownFileType = image.gif; path = loader.gif; sourceTree = "<group>"; };
		8B30C2DC1D98E8F50030270C /* ViewController.h */ = {isa = PBXFileReference; fileEncoding = 4; lastKnownFileType = sourcecode.c.h; name = ViewController.h; path = Controllers/ViewController.h; sourceTree = "<group>"; };
		8B30C2DD1D98E8F50030270C /* ViewController.m */ = {isa = PBXFileReference; fileEncoding = 4; lastKnownFileType = sourcecode.c.objc; name = ViewController.m; path = Controllers/ViewController.m; sourceTree = "<group>"; };
		8B30C2DF1D98EDD90030270C /* loading_angle-mask@2x.png */ = {isa = PBXFileReference; lastKnownFileType = image.png; path = "loading_angle-mask@2x.png"; sourceTree = "<group>"; };
		8B30C2E01D98EDD90030270C /* loading_error_black@2x.png */ = {isa = PBXFileReference; lastKnownFileType = image.png; path = "loading_error_black@2x.png"; sourceTree = "<group>"; };
		8B30C2E11D98EDD90030270C /* loading_error_white@2x.png */ = {isa = PBXFileReference; lastKnownFileType = image.png; path = "loading_error_white@2x.png"; sourceTree = "<group>"; };
		8B30C2E21D98EDD90030270C /* loading_success_black@2x.png */ = {isa = PBXFileReference; lastKnownFileType = image.png; path = "loading_success_black@2x.png"; sourceTree = "<group>"; };
		8B30C2E31D98EDD90030270C /* loading_success_white@2x.png */ = {isa = PBXFileReference; lastKnownFileType = image.png; path = "loading_success_white@2x.png"; sourceTree = "<group>"; };
		8B579AB41D94BFD900850458 /* VivaDecora.app */ = {isa = PBXFileReference; explicitFileType = wrapper.application; includeInIndex = 0; path = VivaDecora.app; sourceTree = BUILT_PRODUCTS_DIR; };
		8B579AB81D94BFD900850458 /* main.m */ = {isa = PBXFileReference; lastKnownFileType = sourcecode.c.objc; path = main.m; sourceTree = "<group>"; };
		8B579ABA1D94BFD900850458 /* AppDelegate.h */ = {isa = PBXFileReference; lastKnownFileType = sourcecode.c.h; path = AppDelegate.h; sourceTree = "<group>"; };
		8B579ABB1D94BFD900850458 /* AppDelegate.m */ = {isa = PBXFileReference; lastKnownFileType = sourcecode.c.objc; path = AppDelegate.m; sourceTree = "<group>"; };
		8B579ABD1D94BFD900850458 /* ListViewController.h */ = {isa = PBXFileReference; lastKnownFileType = sourcecode.c.h; path = ListViewController.h; sourceTree = "<group>"; };
		8B579ABE1D94BFD900850458 /* ListViewController.m */ = {isa = PBXFileReference; lastKnownFileType = sourcecode.c.objc; path = ListViewController.m; sourceTree = "<group>"; };
		8B579AC11D94BFD900850458 /* Base */ = {isa = PBXFileReference; lastKnownFileType = file.storyboard; name = Base; path = Base.lproj/Main.storyboard; sourceTree = "<group>"; };
		8B579AC31D94BFD900850458 /* Assets.xcassets */ = {isa = PBXFileReference; lastKnownFileType = folder.assetcatalog; path = Assets.xcassets; sourceTree = "<group>"; };
		8B579AC61D94BFD900850458 /* Base */ = {isa = PBXFileReference; lastKnownFileType = file.storyboard; name = Base; path = Base.lproj/LaunchScreen.storyboard; sourceTree = "<group>"; };
		8B579AC81D94BFD900850458 /* Info.plist */ = {isa = PBXFileReference; lastKnownFileType = text.plist.xml; path = Info.plist; sourceTree = "<group>"; };
		8B579ACD1D94BFD900850458 /* VivaDecoraTests.xctest */ = {isa = PBXFileReference; explicitFileType = wrapper.cfbundle; includeInIndex = 0; path = VivaDecoraTests.xctest; sourceTree = BUILT_PRODUCTS_DIR; };
		8B579AD11D94BFD900850458 /* VivaDecoraTests.m */ = {isa = PBXFileReference; lastKnownFileType = sourcecode.c.objc; path = VivaDecoraTests.m; sourceTree = "<group>"; };
		8B579AD31D94BFD900850458 /* Info.plist */ = {isa = PBXFileReference; lastKnownFileType = text.plist.xml; path = Info.plist; sourceTree = "<group>"; };
		8B579AD81D94BFD900850458 /* VivaDecoraUITests.xctest */ = {isa = PBXFileReference; explicitFileType = wrapper.cfbundle; includeInIndex = 0; path = VivaDecoraUITests.xctest; sourceTree = BUILT_PRODUCTS_DIR; };
		8B579ADC1D94BFD900850458 /* VivaDecoraUITests.m */ = {isa = PBXFileReference; lastKnownFileType = sourcecode.c.objc; path = VivaDecoraUITests.m; sourceTree = "<group>"; };
		8B579ADE1D94BFD900850458 /* Info.plist */ = {isa = PBXFileReference; lastKnownFileType = text.plist.xml; path = Info.plist; sourceTree = "<group>"; };
		8B579AEB1D94D72600850458 /* ListAvfm.h */ = {isa = PBXFileReference; fileEncoding = 4; lastKnownFileType = sourcecode.c.h; path = ListAvfm.h; sourceTree = "<group>"; };
		8B579AEC1D94D72600850458 /* ListAvfm.m */ = {isa = PBXFileReference; fileEncoding = 4; lastKnownFileType = sourcecode.c.objc; path = ListAvfm.m; sourceTree = "<group>"; };
		8B579AED1D94D72600850458 /* ListRootClass.h */ = {isa = PBXFileReference; fileEncoding = 4; lastKnownFileType = sourcecode.c.h; path = ListRootClass.h; sourceTree = "<group>"; };
		8B579AEE1D94D72600850458 /* ListRootClass.m */ = {isa = PBXFileReference; fileEncoding = 4; lastKnownFileType = sourcecode.c.objc; path = ListRootClass.m; sourceTree = "<group>"; };
		8B579AF71D94F32100850458 /* ListViewControllerTest.m */ = {isa = PBXFileReference; fileEncoding = 4; lastKnownFileType = sourcecode.c.objc; path = ListViewControllerTest.m; sourceTree = "<group>"; };
		8B579AF91D94FC6A00850458 /* ListViewController+Delegate.h */ = {isa = PBXFileReference; fileEncoding = 4; lastKnownFileType = sourcecode.c.h; name = "ListViewController+Delegate.h"; path = "Controllers/ListViewController+Delegate.h"; sourceTree = "<group>"; };
		8B579AFA1D94FC6A00850458 /* ListViewController+Delegate.m */ = {isa = PBXFileReference; fileEncoding = 4; lastKnownFileType = sourcecode.c.objc; name = "ListViewController+Delegate.m"; path = "Controllers/ListViewController+Delegate.m"; sourceTree = "<group>"; };
		8B579AFC1D94FC8C00850458 /* ListViewController+DataSource.h */ = {isa = PBXFileReference; fileEncoding = 4; lastKnownFileType = sourcecode.c.h; name = "ListViewController+DataSource.h"; path = "Controllers/ListViewController+DataSource.h"; sourceTree = "<group>"; };
		8B579AFD1D94FC8C00850458 /* ListViewController+DataSource.m */ = {isa = PBXFileReference; fileEncoding = 4; lastKnownFileType = sourcecode.c.objc; name = "ListViewController+DataSource.m"; path = "Controllers/ListViewController+DataSource.m"; sourceTree = "<group>"; };
		8B579B011D95079100850458 /* ListCell.h */ = {isa = PBXFileReference; fileEncoding = 4; lastKnownFileType = sourcecode.c.h; name = ListCell.h; path = View/ListCell.h; sourceTree = "<group>"; };
		8B579B021D95079100850458 /* ListCell.m */ = {isa = PBXFileReference; fileEncoding = 4; lastKnownFileType = sourcecode.c.objc; name = ListCell.m; path = View/ListCell.m; sourceTree = "<group>"; };
		8B579B041D962B2300850458 /* ListViewController+FlowLayout.h */ = {isa = PBXFileReference; fileEncoding = 4; lastKnownFileType = sourcecode.c.h; name = "ListViewController+FlowLayout.h"; path = "Controllers/ListViewController+FlowLayout.h"; sourceTree = "<group>"; };
		8B579B051D962B2300850458 /* ListViewController+FlowLayout.m */ = {isa = PBXFileReference; fileEncoding = 4; lastKnownFileType = sourcecode.c.objc; name = "ListViewController+FlowLayout.m"; path = "Controllers/ListViewController+FlowLayout.m"; sourceTree = "<group>"; };
		8B960A861D979779004B5F6E /* DetailsViewController.h */ = {isa = PBXFileReference; fileEncoding = 4; lastKnownFileType = sourcecode.c.h; name = DetailsViewController.h; path = Controllers/DetailsViewController.h; sourceTree = "<group>"; };
		8B960A871D979779004B5F6E /* DetailsViewController.m */ = {isa = PBXFileReference; fileEncoding = 4; lastKnownFileType = sourcecode.c.objc; name = DetailsViewController.m; path = Controllers/DetailsViewController.m; sourceTree = "<group>"; };
		8B960A891D979AD9004B5F6E /* DetailCell.h */ = {isa = PBXFileReference; fileEncoding = 4; lastKnownFileType = sourcecode.c.h; name = DetailCell.h; path = View/DetailCell.h; sourceTree = "<group>"; };
		8B960A8A1D979AD9004B5F6E /* DetailCell.m */ = {isa = PBXFileReference; fileEncoding = 4; lastKnownFileType = sourcecode.c.objc; name = DetailCell.m; path = View/DetailCell.m; sourceTree = "<group>"; };
		8B960A8C1D984968004B5F6E /* DetailsAvfm.h */ = {isa = PBXFileReference; fileEncoding = 4; lastKnownFileType = sourcecode.c.h; path = DetailsAvfm.h; sourceTree = "<group>"; };
		8B960A8D1D984968004B5F6E /* DetailsAvfm.m */ = {isa = PBXFileReference; fileEncoding = 4; lastKnownFileType = sourcecode.c.objc; path = DetailsAvfm.m; sourceTree = "<group>"; };
		8B960A8E1D984968004B5F6E /* DetailsRootClass.h */ = {isa = PBXFileReference; fileEncoding = 4; lastKnownFileType = sourcecode.c.h; path = DetailsRootClass.h; sourceTree = "<group>"; };
		8B960A8F1D984968004B5F6E /* DetailsRootClass.m */ = {isa = PBXFileReference; fileEncoding = 4; lastKnownFileType = sourcecode.c.objc; path = DetailsRootClass.m; sourceTree = "<group>"; };
		8B960A921D984C43004B5F6E /* DetailsViewController+Datasource.h */ = {isa = PBXFileReference; fileEncoding = 4; lastKnownFileType = sourcecode.c.h; name = "DetailsViewController+Datasource.h"; path = "Controllers/DetailsViewController+Datasource.h"; sourceTree = "<group>"; };
		8B960A931D984C43004B5F6E /* DetailsViewController+Datasource.m */ = {isa = PBXFileReference; fileEncoding = 4; lastKnownFileType = sourcecode.c.objc; name = "DetailsViewController+Datasource.m"; path = "Controllers/DetailsViewController+Datasource.m"; sourceTree = "<group>"; };
		8B960A951D984C63004B5F6E /* DetailsViewController+Delegate.h */ = {isa = PBXFileReference; fileEncoding = 4; lastKnownFileType = sourcecode.c.h; name = "DetailsViewController+Delegate.h"; path = "Controllers/DetailsViewController+Delegate.h"; sourceTree = "<group>"; };
		8B960A961D984C63004B5F6E /* DetailsViewController+Delegate.m */ = {isa = PBXFileReference; fileEncoding = 4; lastKnownFileType = sourcecode.c.objc; name = "DetailsViewController+Delegate.m"; path = "Controllers/DetailsViewController+Delegate.m"; sourceTree = "<group>"; };
		8BB20AC81D96CD0A007D0607 /* ListViewModel.h */ = {isa = PBXFileReference; fileEncoding = 4; lastKnownFileType = sourcecode.c.h; name = ListViewModel.h; path = ViewModel/ListViewModel.h; sourceTree = "<group>"; };
		8BB20AC91D96CD0A007D0607 /* ListViewModel.m */ = {isa = PBXFileReference; fileEncoding = 4; lastKnownFileType = sourcecode.c.objc; name = ListViewModel.m; path = ViewModel/ListViewModel.m; sourceTree = "<group>"; };
		8BB20ACC1D96D1B4007D0607 /* ListApi.h */ = {isa = PBXFileReference; fileEncoding = 4; lastKnownFileType = sourcecode.c.h; name = ListApi.h; path = Network/ListApi.h; sourceTree = "<group>"; };
		8BB20ACD1D96D1B4007D0607 /* ListApi.m */ = {isa = PBXFileReference; fileEncoding = 4; lastKnownFileType = sourcecode.c.objc; name = ListApi.m; path = Network/ListApi.m; sourceTree = "<group>"; };
		8BB20AD51D970312007D0607 /* ListViewManager.h */ = {isa = PBXFileReference; fileEncoding = 4; lastKnownFileType = sourcecode.c.h; name = ListViewManager.h; path = Manager/ListViewManager.h; sourceTree = "<group>"; };
		8BB20AD61D970312007D0607 /* ListViewManager.m */ = {isa = PBXFileReference; fileEncoding = 4; lastKnownFileType = sourcecode.c.objc; name = ListViewManager.m; path = Manager/ListViewManager.m; sourceTree = "<group>"; };
		8BBD70AC1D9D26F100BC2ACE /* DetailsViewManager.h */ = {isa = PBXFileReference; fileEncoding = 4; lastKnownFileType = sourcecode.c.h; name = DetailsViewManager.h; path = Manager/DetailsViewManager.h; sourceTree = "<group>"; };
		8BBD70AD1D9D26F100BC2ACE /* DetailsViewManager.m */ = {isa = PBXFileReference; fileEncoding = 4; lastKnownFileType = sourcecode.c.objc; name = DetailsViewManager.m; path = Manager/DetailsViewManager.m; sourceTree = "<group>"; };
		B89F976D17B975D2A0137439 /* Pods-VivaDecora.release.xcconfig */ = {isa = PBXFileReference; includeInIndex = 1; lastKnownFileType = text.xcconfig; name = "Pods-VivaDecora.release.xcconfig"; path = "Pods/Target Support Files/Pods-VivaDecora/Pods-VivaDecora.release.xcconfig"; sourceTree = "<group>"; };
		B95E5AE3B5520D2F07F6E165 /* libPods-VivaDecoraUITests.a */ = {isa = PBXFileReference; explicitFileType = archive.ar; includeInIndex = 0; path = "libPods-VivaDecoraUITests.a"; sourceTree = BUILT_PRODUCTS_DIR; };
		D13F0C60F1DC74A213D1E298 /* Pods-VivaDecora.debug.xcconfig */ = {isa = PBXFileReference; includeInIndex = 1; lastKnownFileType = text.xcconfig; name = "Pods-VivaDecora.debug.xcconfig"; path = "Pods/Target Support Files/Pods-VivaDecora/Pods-VivaDecora.debug.xcconfig"; sourceTree = "<group>"; };
		EED24E62813B50FBBC2ABD28 /* libPods-VivaDecora.a */ = {isa = PBXFileReference; explicitFileType = archive.ar; includeInIndex = 0; path = "libPods-VivaDecora.a"; sourceTree = BUILT_PRODUCTS_DIR; };
/* End PBXFileReference section */

/* Begin PBXFrameworksBuildPhase section */
		8B579AB11D94BFD900850458 /* Frameworks */ = {
			isa = PBXFrameworksBuildPhase;
			buildActionMask = 2147483647;
			files = (
				C7EE038A75B58986B3B3367B /* libPods-VivaDecora.a in Frameworks */,
			);
			runOnlyForDeploymentPostprocessing = 0;
		};
		8B579ACA1D94BFD900850458 /* Frameworks */ = {
			isa = PBXFrameworksBuildPhase;
			buildActionMask = 2147483647;
			files = (
				4F02223F341021FFD838E319 /* libPods-VivaDecoraTests.a in Frameworks */,
			);
			runOnlyForDeploymentPostprocessing = 0;
		};
		8B579AD51D94BFD900850458 /* Frameworks */ = {
			isa = PBXFrameworksBuildPhase;
			buildActionMask = 2147483647;
			files = (
				FD6422DCB6D349D3C9DFDADE /* libPods-VivaDecoraUITests.a in Frameworks */,
			);
			runOnlyForDeploymentPostprocessing = 0;
		};
/* End PBXFrameworksBuildPhase section */

/* Begin PBXGroup section */
		89633151C0609AA8FAE3E107 /* Frameworks */ = {
			isa = PBXGroup;
			children = (
				EED24E62813B50FBBC2ABD28 /* libPods-VivaDecora.a */,
				6BEA9C20F962959F6FA51F0E /* libPods-VivaDecoraTests.a */,
				B95E5AE3B5520D2F07F6E165 /* libPods-VivaDecoraUITests.a */,
			);
			name = Frameworks;
			sourceTree = "<group>";
		};
		8AEE1CD47A7F23BF727D502E /* Pods */ = {
			isa = PBXGroup;
			children = (
				D13F0C60F1DC74A213D1E298 /* Pods-VivaDecora.debug.xcconfig */,
				B89F976D17B975D2A0137439 /* Pods-VivaDecora.release.xcconfig */,
				82A5119DB6D764C88C7E329A /* Pods-VivaDecoraTests.debug.xcconfig */,
				3D2868D9FAEA1899787659F1 /* Pods-VivaDecoraTests.release.xcconfig */,
				78CA9208B8F76A4B8476B8C7 /* Pods-VivaDecoraUITests.debug.xcconfig */,
				81FCCAEF1844846BBB94FF0C /* Pods-VivaDecoraUITests.release.xcconfig */,
			);
			name = Pods;
			sourceTree = "<group>";
		};
		8B30C2DB1D98E8D60030270C /* ViewController */ = {
			isa = PBXGroup;
			children = (
				8B30C2DC1D98E8F50030270C /* ViewController.h */,
				8B30C2DD1D98E8F50030270C /* ViewController.m */,
			);
			name = ViewController;
			sourceTree = "<group>";
		};
		8B30C2E91D98EDE40030270C /* Resources */ = {
			isa = PBXGroup;
			children = (
				8B30C2EA1D98EDF80030270C /* Necessary Images */,
				8B579AC01D94BFD900850458 /* Main.storyboard */,
				8B579AC51D94BFD900850458 /* LaunchScreen.storyboard */,
				8B579AC31D94BFD900850458 /* Assets.xcassets */,
				8B579AC81D94BFD900850458 /* Info.plist */,
			);
			name = Resources;
			sourceTree = "<group>";
		};
		8B30C2EA1D98EDF80030270C /* Necessary Images */ = {
			isa = PBXGroup;
			children = (
				8B30C2D91D98DD1C0030270C /* loader.gif */,
				8B30C2DF1D98EDD90030270C /* loading_angle-mask@2x.png */,
				8B30C2E01D98EDD90030270C /* loading_error_black@2x.png */,
				8B30C2E11D98EDD90030270C /* loading_error_white@2x.png */,
				8B30C2E21D98EDD90030270C /* loading_success_black@2x.png */,
				8B30C2E31D98EDD90030270C /* loading_success_white@2x.png */,
			);
			name = "Necessary Images";
			sourceTree = "<group>";
		};
		8B579AAB1D94BFD900850458 = {
			isa = PBXGroup;
			children = (
				8B579AB61D94BFD900850458 /* VivaDecora */,
				8B579AD01D94BFD900850458 /* VivaDecoraTests */,
				8B579ADB1D94BFD900850458 /* VivaDecoraUITests */,
				8B579AB51D94BFD900850458 /* Products */,
				8AEE1CD47A7F23BF727D502E /* Pods */,
				89633151C0609AA8FAE3E107 /* Frameworks */,
			);
			sourceTree = "<group>";
		};
		8B579AB51D94BFD900850458 /* Products */ = {
			isa = PBXGroup;
			children = (
				8B579AB41D94BFD900850458 /* VivaDecora.app */,
				8B579ACD1D94BFD900850458 /* VivaDecoraTests.xctest */,
				8B579AD81D94BFD900850458 /* VivaDecoraUITests.xctest */,
			);
			name = Products;
			sourceTree = "<group>";
		};
		8B579AB61D94BFD900850458 /* VivaDecora */ = {
			isa = PBXGroup;
			children = (
				8B579AEA1D94D72600850458 /* Models */,
				8B579B001D95076E00850458 /* View */,
				8BB20AD21D97029C007D0607 /* Controller */,
				8BB20AD11D97028C007D0607 /* App */,
				8BB20ACB1D96D183007D0607 /* Network */,
				8BB20AD31D9702DF007D0607 /* Manager */,
				8B30C2E91D98EDE40030270C /* Resources */,
				8B579AB71D94BFD900850458 /* Supporting Files */,
			);
			path = VivaDecora;
			sourceTree = "<group>";
		};
		8B579AB71D94BFD900850458 /* Supporting Files */ = {
			isa = PBXGroup;
			children = (
				8B579AB81D94BFD900850458 /* main.m */,
			);
			name = "Supporting Files";
			sourceTree = "<group>";
		};
		8B579AD01D94BFD900850458 /* VivaDecoraTests */ = {
			isa = PBXGroup;
			children = (
				8B579AD11D94BFD900850458 /* VivaDecoraTests.m */,
				8B579AF71D94F32100850458 /* ListViewControllerTest.m */,
				8B579AD31D94BFD900850458 /* Info.plist */,
			);
			path = VivaDecoraTests;
			sourceTree = "<group>";
		};
		8B579ADB1D94BFD900850458 /* VivaDecoraUITests */ = {
			isa = PBXGroup;
			children = (
				8B579ADC1D94BFD900850458 /* VivaDecoraUITests.m */,
				8B579ADE1D94BFD900850458 /* Info.plist */,
			);
			path = VivaDecoraUITests;
			sourceTree = "<group>";
		};
		8B579AEA1D94D72600850458 /* Models */ = {
			isa = PBXGroup;
			children = (
				8BB20AC71D96CCE2007D0607 /* ViewModel */,
				8B579AEB1D94D72600850458 /* ListAvfm.h */,
				8B579AEC1D94D72600850458 /* ListAvfm.m */,
				8B579AED1D94D72600850458 /* ListRootClass.h */,
				8B579AEE1D94D72600850458 /* ListRootClass.m */,
				8B960A8C1D984968004B5F6E /* DetailsAvfm.h */,
				8B960A8D1D984968004B5F6E /* DetailsAvfm.m */,
				8B960A8E1D984968004B5F6E /* DetailsRootClass.h */,
				8B960A8F1D984968004B5F6E /* DetailsRootClass.m */,
			);
			path = Models;
			sourceTree = "<group>";
		};
		8B579B001D95076E00850458 /* View */ = {
			isa = PBXGroup;
			children = (
				8B579B011D95079100850458 /* ListCell.h */,
				8B579B021D95079100850458 /* ListCell.m */,
				8B960A891D979AD9004B5F6E /* DetailCell.h */,
				8B960A8A1D979AD9004B5F6E /* DetailCell.m */,
			);
			name = View;
			sourceTree = "<group>";
		};
		8B579B071D962F0500850458 /* ListViewController */ = {
			isa = PBXGroup;
			children = (
				8B579ABD1D94BFD900850458 /* ListViewController.h */,
				8B579ABE1D94BFD900850458 /* ListViewController.m */,
				8B579AF91D94FC6A00850458 /* ListViewController+Delegate.h */,
				8B579AFA1D94FC6A00850458 /* ListViewController+Delegate.m */,
				8B579AFC1D94FC8C00850458 /* ListViewController+DataSource.h */,
				8B579AFD1D94FC8C00850458 /* ListViewController+DataSource.m */,
				8B579B041D962B2300850458 /* ListViewController+FlowLayout.h */,
				8B579B051D962B2300850458 /* ListViewController+FlowLayout.m */,
			);
			name = ListViewController;
			sourceTree = "<group>";
		};
		8B960A851D975A50004B5F6E /* DetailViewController */ = {
			isa = PBXGroup;
			children = (
				8B960A861D979779004B5F6E /* DetailsViewController.h */,
				8B960A871D979779004B5F6E /* DetailsViewController.m */,
				8B960A921D984C43004B5F6E /* DetailsViewController+Datasource.h */,
				8B960A931D984C43004B5F6E /* DetailsViewController+Datasource.m */,
				8B960A951D984C63004B5F6E /* DetailsViewController+Delegate.h */,
				8B960A961D984C63004B5F6E /* DetailsViewController+Delegate.m */,
			);
			name = DetailViewController;
			sourceTree = "<group>";
		};
		8BB20AC71D96CCE2007D0607 /* ViewModel */ = {
			isa = PBXGroup;
			children = (
				8BB20AC81D96CD0A007D0607 /* ListViewModel.h */,
				8BB20AC91D96CD0A007D0607 /* ListViewModel.m */,
				8B30C2D21D98CBF40030270C /* DetailViewModel.h */,
				8B30C2D31D98CBF40030270C /* DetailViewModel.m */,
			);
			name = ViewModel;
			sourceTree = "<group>";
		};
		8BB20ACB1D96D183007D0607 /* Network */ = {
			isa = PBXGroup;
			children = (
				8BB20ACC1D96D1B4007D0607 /* ListApi.h */,
				8BB20ACD1D96D1B4007D0607 /* ListApi.m */,
				8B30C2CF1D98C6C50030270C /* DetailsApi.h */,
				8B30C2D01D98C6C50030270C /* DetailsApi.m */,
			);
			name = Network;
			sourceTree = "<group>";
		};
		8BB20AD11D97028C007D0607 /* App */ = {
			isa = PBXGroup;
			children = (
				8B579ABA1D94BFD900850458 /* AppDelegate.h */,
				8B579ABB1D94BFD900850458 /* AppDelegate.m */,
			);
			name = App;
			sourceTree = "<group>";
		};
		8BB20AD21D97029C007D0607 /* Controller */ = {
			isa = PBXGroup;
			children = (
				8B30C2DB1D98E8D60030270C /* ViewController */,
				8B579B071D962F0500850458 /* ListViewController */,
				8B960A851D975A50004B5F6E /* DetailViewController */,
			);
			name = Controller;
			sourceTree = "<group>";
		};
		8BB20AD31D9702DF007D0607 /* Manager */ = {
			isa = PBXGroup;
			children = (
				8BB20AD51D970312007D0607 /* ListViewManager.h */,
				8BB20AD61D970312007D0607 /* ListViewManager.m */,
				8BBD70AC1D9D26F100BC2ACE /* DetailsViewManager.h */,
				8BBD70AD1D9D26F100BC2ACE /* DetailsViewManager.m */,
			);
			name = Manager;
			sourceTree = "<group>";
		};
/* End PBXGroup section */

/* Begin PBXNativeTarget section */
		8B579AB31D94BFD900850458 /* VivaDecora */ = {
			isa = PBXNativeTarget;
			buildConfigurationList = 8B579AE11D94BFD900850458 /* Build configuration list for PBXNativeTarget "VivaDecora" */;
			buildPhases = (
				73CFF8ED722F4EFBA9D09DBF /* [CP] Check Pods Manifest.lock */,
				8B579AB01D94BFD900850458 /* Sources */,
				8B579AB11D94BFD900850458 /* Frameworks */,
				8B579AB21D94BFD900850458 /* Resources */,
				1B611CD7EB2C96382348B064 /* [CP] Embed Pods Frameworks */,
				05DE7D7CD47DD9A367F5BAF0 /* [CP] Copy Pods Resources */,
			);
			buildRules = (
			);
			dependencies = (
			);
			name = VivaDecora;
			productName = VivaDecora;
			productReference = 8B579AB41D94BFD900850458 /* VivaDecora.app */;
			productType = "com.apple.product-type.application";
		};
		8B579ACC1D94BFD900850458 /* VivaDecoraTests */ = {
			isa = PBXNativeTarget;
			buildConfigurationList = 8B579AE41D94BFD900850458 /* Build configuration list for PBXNativeTarget "VivaDecoraTests" */;
			buildPhases = (
				E13D30E8FBC02A0D47CC3A6D /* [CP] Check Pods Manifest.lock */,
				8B579AC91D94BFD900850458 /* Sources */,
				8B579ACA1D94BFD900850458 /* Frameworks */,
				8B579ACB1D94BFD900850458 /* Resources */,
				74B59752ECE25A791F965F00 /* [CP] Embed Pods Frameworks */,
				9609B810A38139C2F00A49EE /* [CP] Copy Pods Resources */,
			);
			buildRules = (
			);
			dependencies = (
				8B579ACF1D94BFD900850458 /* PBXTargetDependency */,
			);
			name = VivaDecoraTests;
			productName = VivaDecoraTests;
			productReference = 8B579ACD1D94BFD900850458 /* VivaDecoraTests.xctest */;
			productType = "com.apple.product-type.bundle.unit-test";
		};
		8B579AD71D94BFD900850458 /* VivaDecoraUITests */ = {
			isa = PBXNativeTarget;
			buildConfigurationList = 8B579AE71D94BFD900850458 /* Build configuration list for PBXNativeTarget "VivaDecoraUITests" */;
			buildPhases = (
				1498C512015C2911B187C3A5 /* [CP] Check Pods Manifest.lock */,
				8B579AD41D94BFD900850458 /* Sources */,
				8B579AD51D94BFD900850458 /* Frameworks */,
				8B579AD61D94BFD900850458 /* Resources */,
				F2441F29ED68203032E9B01F /* [CP] Embed Pods Frameworks */,
				EC4AE5AE534AAF150C049166 /* [CP] Copy Pods Resources */,
			);
			buildRules = (
			);
			dependencies = (
				8B579ADA1D94BFD900850458 /* PBXTargetDependency */,
			);
			name = VivaDecoraUITests;
			productName = VivaDecoraUITests;
			productReference = 8B579AD81D94BFD900850458 /* VivaDecoraUITests.xctest */;
			productType = "com.apple.product-type.bundle.ui-testing";
		};
/* End PBXNativeTarget section */

/* Begin PBXProject section */
		8B579AAC1D94BFD900850458 /* Project object */ = {
			isa = PBXProject;
			attributes = {
				LastUpgradeCheck = 0800;
				ORGANIZATIONNAME = "Ezequiel França @ezefranca";
				TargetAttributes = {
					8B579AB31D94BFD900850458 = {
						CreatedOnToolsVersion = 8.0;
						DevelopmentTeam = 54JDK55DR5;
						ProvisioningStyle = Automatic;
					};
					8B579ACC1D94BFD900850458 = {
						CreatedOnToolsVersion = 8.0;
						DevelopmentTeam = 54JDK55DR5;
						ProvisioningStyle = Automatic;
						TestTargetID = 8B579AB31D94BFD900850458;
					};
					8B579AD71D94BFD900850458 = {
						CreatedOnToolsVersion = 8.0;
						DevelopmentTeam = 54JDK55DR5;
						ProvisioningStyle = Automatic;
						TestTargetID = 8B579AB31D94BFD900850458;
					};
				};
			};
			buildConfigurationList = 8B579AAF1D94BFD900850458 /* Build configuration list for PBXProject "VivaDecora" */;
			compatibilityVersion = "Xcode 3.2";
			developmentRegion = English;
			hasScannedForEncodings = 0;
			knownRegions = (
				en,
				Base,
			);
			mainGroup = 8B579AAB1D94BFD900850458;
			productRefGroup = 8B579AB51D94BFD900850458 /* Products */;
			projectDirPath = "";
			projectRoot = "";
			targets = (
				8B579AB31D94BFD900850458 /* VivaDecora */,
				8B579ACC1D94BFD900850458 /* VivaDecoraTests */,
				8B579AD71D94BFD900850458 /* VivaDecoraUITests */,
			);
		};
/* End PBXProject section */

/* Begin PBXResourcesBuildPhase section */
		8B579AB21D94BFD900850458 /* Resources */ = {
			isa = PBXResourcesBuildPhase;
			buildActionMask = 2147483647;
			files = (
				8B30C2DA1D98DD1C0030270C /* loader.gif in Resources */,
				8B579AC71D94BFD900850458 /* LaunchScreen.storyboard in Resources */,
				8B30C2E51D98EDD90030270C /* loading_error_black@2x.png in Resources */,
				8B30C2E41D98EDD90030270C /* loading_angle-mask@2x.png in Resources */,
				8B579AEF1D94D72600850458 /* ListAvfm.h in Resources */,
				8B30C2E81D98EDD90030270C /* loading_success_white@2x.png in Resources */,
				8B579AC41D94BFD900850458 /* Assets.xcassets in Resources */,
				8B579AF01D94D72600850458 /* ListAvfm.m in Resources */,
				8B579AF11D94D72600850458 /* ListRootClass.h in Resources */,
				8B579AC21D94BFD900850458 /* Main.storyboard in Resources */,
				8B30C2E61D98EDD90030270C /* loading_error_white@2x.png in Resources */,
				8B579AF21D94D72600850458 /* ListRootClass.m in Resources */,
				8B30C2E71D98EDD90030270C /* loading_success_black@2x.png in Resources */,
			);
			runOnlyForDeploymentPostprocessing = 0;
		};
		8B579ACB1D94BFD900850458 /* Resources */ = {
			isa = PBXResourcesBuildPhase;
			buildActionMask = 2147483647;
			files = (
			);
			runOnlyForDeploymentPostprocessing = 0;
		};
		8B579AD61D94BFD900850458 /* Resources */ = {
			isa = PBXResourcesBuildPhase;
			buildActionMask = 2147483647;
			files = (
			);
			runOnlyForDeploymentPostprocessing = 0;
		};
/* End PBXResourcesBuildPhase section */

/* Begin PBXShellScriptBuildPhase section */
		05DE7D7CD47DD9A367F5BAF0 /* [CP] Copy Pods Resources */ = {
			isa = PBXShellScriptBuildPhase;
			buildActionMask = 2147483647;
			files = (
			);
			inputPaths = (
			);
			name = "[CP] Copy Pods Resources";
			outputPaths = (
			);
			runOnlyForDeploymentPostprocessing = 0;
			shellPath = /bin/sh;
			shellScript = "\"${SRCROOT}/Pods/Target Support Files/Pods-VivaDecora/Pods-VivaDecora-resources.sh\"\n";
			showEnvVarsInLog = 0;
		};
		1498C512015C2911B187C3A5 /* [CP] Check Pods Manifest.lock */ = {
			isa = PBXShellScriptBuildPhase;
			buildActionMask = 2147483647;
			files = (
			);
			inputPaths = (
			);
			name = "[CP] Check Pods Manifest.lock";
			outputPaths = (
			);
			runOnlyForDeploymentPostprocessing = 0;
			shellPath = /bin/sh;
			shellScript = "diff \"${PODS_ROOT}/../Podfile.lock\" \"${PODS_ROOT}/Manifest.lock\" > /dev/null\nif [ $? != 0 ] ; then\n    # print error to STDERR\n    echo \"error: The sandbox is not in sync with the Podfile.lock. Run 'pod install' or update your CocoaPods installation.\" >&2\n    exit 1\nfi\n";
			showEnvVarsInLog = 0;
		};
		1B611CD7EB2C96382348B064 /* [CP] Embed Pods Frameworks */ = {
			isa = PBXShellScriptBuildPhase;
			buildActionMask = 2147483647;
			files = (
			);
			inputPaths = (
			);
			name = "[CP] Embed Pods Frameworks";
			outputPaths = (
			);
			runOnlyForDeploymentPostprocessing = 0;
			shellPath = /bin/sh;
			shellScript = "\"${SRCROOT}/Pods/Target Support Files/Pods-VivaDecora/Pods-VivaDecora-frameworks.sh\"\n";
			showEnvVarsInLog = 0;
		};
		73CFF8ED722F4EFBA9D09DBF /* [CP] Check Pods Manifest.lock */ = {
			isa = PBXShellScriptBuildPhase;
			buildActionMask = 2147483647;
			files = (
			);
			inputPaths = (
			);
			name = "[CP] Check Pods Manifest.lock";
			outputPaths = (
			);
			runOnlyForDeploymentPostprocessing = 0;
			shellPath = /bin/sh;
			shellScript = "diff \"${PODS_ROOT}/../Podfile.lock\" \"${PODS_ROOT}/Manifest.lock\" > /dev/null\nif [ $? != 0 ] ; then\n    # print error to STDERR\n    echo \"error: The sandbox is not in sync with the Podfile.lock. Run 'pod install' or update your CocoaPods installation.\" >&2\n    exit 1\nfi\n";
			showEnvVarsInLog = 0;
		};
		74B59752ECE25A791F965F00 /* [CP] Embed Pods Frameworks */ = {
			isa = PBXShellScriptBuildPhase;
			buildActionMask = 2147483647;
			files = (
			);
			inputPaths = (
			);
			name = "[CP] Embed Pods Frameworks";
			outputPaths = (
			);
			runOnlyForDeploymentPostprocessing = 0;
			shellPath = /bin/sh;
			shellScript = "\"${SRCROOT}/Pods/Target Support Files/Pods-VivaDecoraTests/Pods-VivaDecoraTests-frameworks.sh\"\n";
			showEnvVarsInLog = 0;
		};
		9609B810A38139C2F00A49EE /* [CP] Copy Pods Resources */ = {
			isa = PBXShellScriptBuildPhase;
			buildActionMask = 2147483647;
			files = (
			);
			inputPaths = (
			);
			name = "[CP] Copy Pods Resources";
			outputPaths = (
			);
			runOnlyForDeploymentPostprocessing = 0;
			shellPath = /bin/sh;
			shellScript = "\"${SRCROOT}/Pods/Target Support Files/Pods-VivaDecoraTests/Pods-VivaDecoraTests-resources.sh\"\n";
			showEnvVarsInLog = 0;
		};
		E13D30E8FBC02A0D47CC3A6D /* [CP] Check Pods Manifest.lock */ = {
			isa = PBXShellScriptBuildPhase;
			buildActionMask = 2147483647;
			files = (
			);
			inputPaths = (
			);
			name = "[CP] Check Pods Manifest.lock";
			outputPaths = (
			);
			runOnlyForDeploymentPostprocessing = 0;
			shellPath = /bin/sh;
			shellScript = "diff \"${PODS_ROOT}/../Podfile.lock\" \"${PODS_ROOT}/Manifest.lock\" > /dev/null\nif [ $? != 0 ] ; then\n    # print error to STDERR\n    echo \"error: The sandbox is not in sync with the Podfile.lock. Run 'pod install' or update your CocoaPods installation.\" >&2\n    exit 1\nfi\n";
			showEnvVarsInLog = 0;
		};
		EC4AE5AE534AAF150C049166 /* [CP] Copy Pods Resources */ = {
			isa = PBXShellScriptBuildPhase;
			buildActionMask = 2147483647;
			files = (
			);
			inputPaths = (
			);
			name = "[CP] Copy Pods Resources";
			outputPaths = (
			);
			runOnlyForDeploymentPostprocessing = 0;
			shellPath = /bin/sh;
			shellScript = "\"${SRCROOT}/Pods/Target Support Files/Pods-VivaDecoraUITests/Pods-VivaDecoraUITests-resources.sh\"\n";
			showEnvVarsInLog = 0;
		};
		F2441F29ED68203032E9B01F /* [CP] Embed Pods Frameworks */ = {
			isa = PBXShellScriptBuildPhase;
			buildActionMask = 2147483647;
			files = (
			);
			inputPaths = (
			);
			name = "[CP] Embed Pods Frameworks";
			outputPaths = (
			);
			runOnlyForDeploymentPostprocessing = 0;
			shellPath = /bin/sh;
			shellScript = "\"${SRCROOT}/Pods/Target Support Files/Pods-VivaDecoraUITests/Pods-VivaDecoraUITests-frameworks.sh\"\n";
			showEnvVarsInLog = 0;
		};
/* End PBXShellScriptBuildPhase section */

/* Begin PBXSourcesBuildPhase section */
		8B579AB01D94BFD900850458 /* Sources */ = {
			isa = PBXSourcesBuildPhase;
			buildActionMask = 2147483647;
			files = (
				8B30C2DE1D98E8F50030270C /* ViewController.m in Sources */,
				8BBD70AE1D9D26F100BC2ACE /* DetailsViewManager.m in Sources */,
				8B579AF41D94DB5600850458 /* ListAvfm.m in Sources */,
				8B30C2D11D98C6C50030270C /* DetailsApi.m in Sources */,
				8BB20ACE1D96D1B4007D0607 /* ListApi.m in Sources */,
				8B579B031D95079100850458 /* ListCell.m in Sources */,
				8B579AFE1D94FC8C00850458 /* ListViewController+DataSource.m in Sources */,
				8B960A971D984C63004B5F6E /* DetailsViewController+Delegate.m in Sources */,
				8B960A941D984C43004B5F6E /* DetailsViewController+Datasource.m in Sources */,
				8B960A881D979779004B5F6E /* DetailsViewController.m in Sources */,
				8B579B061D962B2300850458 /* ListViewController+FlowLayout.m in Sources */,
				8BB20ACA1D96CD0A007D0607 /* ListViewModel.m in Sources */,
				8BB20AD71D970312007D0607 /* ListViewManager.m in Sources */,
				8B960A901D984968004B5F6E /* DetailsAvfm.m in Sources */,
				8B579AF61D94DB5600850458 /* ListRootClass.m in Sources */,
				8B579ABF1D94BFD900850458 /* ListViewController.m in Sources */,
				8B579ABC1D94BFD900850458 /* AppDelegate.m in Sources */,
				8B579AB91D94BFD900850458 /* main.m in Sources */,
				8B960A911D984968004B5F6E /* DetailsRootClass.m in Sources */,
				8B960A8B1D979AD9004B5F6E /* DetailCell.m in Sources */,
				8B579AFB1D94FC6A00850458 /* ListViewController+Delegate.m in Sources */,
				8B30C2D41D98CBF40030270C /* DetailViewModel.m in Sources */,
			);
			runOnlyForDeploymentPostprocessing = 0;
		};
		8B579AC91D94BFD900850458 /* Sources */ = {
			isa = PBXSourcesBuildPhase;
			buildActionMask = 2147483647;
			files = (
				8B579AF81D94F32100850458 /* ListViewControllerTest.m in Sources */,
				8B579AD21D94BFD900850458 /* VivaDecoraTests.m in Sources */,
			);
			runOnlyForDeploymentPostprocessing = 0;
		};
		8B579AD41D94BFD900850458 /* Sources */ = {
			isa = PBXSourcesBuildPhase;
			buildActionMask = 2147483647;
			files = (
				8B579ADD1D94BFD900850458 /* VivaDecoraUITests.m in Sources */,
			);
			runOnlyForDeploymentPostprocessing = 0;
		};
/* End PBXSourcesBuildPhase section */

/* Begin PBXTargetDependency section */
		8B579ACF1D94BFD900850458 /* PBXTargetDependency */ = {
			isa = PBXTargetDependency;
			target = 8B579AB31D94BFD900850458 /* VivaDecora */;
			targetProxy = 8B579ACE1D94BFD900850458 /* PBXContainerItemProxy */;
		};
		8B579ADA1D94BFD900850458 /* PBXTargetDependency */ = {
			isa = PBXTargetDependency;
			target = 8B579AB31D94BFD900850458 /* VivaDecora */;
			targetProxy = 8B579AD91D94BFD900850458 /* PBXContainerItemProxy */;
		};
/* End PBXTargetDependency section */

/* Begin PBXVariantGroup section */
		8B579AC01D94BFD900850458 /* Main.storyboard */ = {
			isa = PBXVariantGroup;
			children = (
				8B579AC11D94BFD900850458 /* Base */,
			);
			name = Main.storyboard;
			sourceTree = "<group>";
		};
		8B579AC51D94BFD900850458 /* LaunchScreen.storyboard */ = {
			isa = PBXVariantGroup;
			children = (
				8B579AC61D94BFD900850458 /* Base */,
			);
			name = LaunchScreen.storyboard;
			sourceTree = "<group>";
		};
/* End PBXVariantGroup section */

/* Begin XCBuildConfiguration section */
		8B579ADF1D94BFD900850458 /* Debug */ = {
			isa = XCBuildConfiguration;
			buildSettings = {
				ALWAYS_SEARCH_USER_PATHS = NO;
				CLANG_ANALYZER_NONNULL = YES;
				CLANG_CXX_LANGUAGE_STANDARD = "gnu++0x";
				CLANG_CXX_LIBRARY = "libc++";
				CLANG_ENABLE_MODULES = YES;
				CLANG_ENABLE_OBJC_ARC = YES;
				CLANG_WARN_BOOL_CONVERSION = YES;
				CLANG_WARN_CONSTANT_CONVERSION = YES;
				CLANG_WARN_DIRECT_OBJC_ISA_USAGE = YES_ERROR;
				CLANG_WARN_DOCUMENTATION_COMMENTS = YES;
				CLANG_WARN_EMPTY_BODY = YES;
				CLANG_WARN_ENUM_CONVERSION = YES;
				CLANG_WARN_INFINITE_RECURSION = YES;
				CLANG_WARN_INT_CONVERSION = YES;
				CLANG_WARN_OBJC_ROOT_CLASS = YES_ERROR;
				CLANG_WARN_SUSPICIOUS_MOVE = YES;
				CLANG_WARN_SUSPICIOUS_MOVES = YES;
				CLANG_WARN_UNREACHABLE_CODE = YES;
				CLANG_WARN__DUPLICATE_METHOD_MATCH = YES;
				"CODE_SIGN_IDENTITY[sdk=iphoneos*]" = "iPhone Developer";
				COPY_PHASE_STRIP = NO;
				DEBUG_INFORMATION_FORMAT = dwarf;
				ENABLE_STRICT_OBJC_MSGSEND = YES;
				ENABLE_TESTABILITY = YES;
				GCC_C_LANGUAGE_STANDARD = gnu99;
				GCC_DYNAMIC_NO_PIC = NO;
				GCC_NO_COMMON_BLOCKS = YES;
				GCC_OPTIMIZATION_LEVEL = 0;
				GCC_PREPROCESSOR_DEFINITIONS = (
					"DEBUG=1",
					"$(inherited)",
				);
				GCC_WARN_64_TO_32_BIT_CONVERSION = YES;
				GCC_WARN_ABOUT_RETURN_TYPE = YES_ERROR;
				GCC_WARN_UNDECLARED_SELECTOR = YES;
				GCC_WARN_UNINITIALIZED_AUTOS = YES_AGGRESSIVE;
				GCC_WARN_UNUSED_FUNCTION = YES;
				GCC_WARN_UNUSED_VARIABLE = YES;
				IPHONEOS_DEPLOYMENT_TARGET = 9.3;
				MTL_ENABLE_DEBUG_INFO = YES;
				ONLY_ACTIVE_ARCH = YES;
				SDKROOT = iphoneos;
			};
			name = Debug;
		};
		8B579AE01D94BFD900850458 /* Release */ = {
			isa = XCBuildConfiguration;
			buildSettings = {
				ALWAYS_SEARCH_USER_PATHS = NO;
				CLANG_ANALYZER_NONNULL = YES;
				CLANG_CXX_LANGUAGE_STANDARD = "gnu++0x";
				CLANG_CXX_LIBRARY = "libc++";
				CLANG_ENABLE_MODULES = YES;
				CLANG_ENABLE_OBJC_ARC = YES;
				CLANG_WARN_BOOL_CONVERSION = YES;
				CLANG_WARN_CONSTANT_CONVERSION = YES;
				CLANG_WARN_DIRECT_OBJC_ISA_USAGE = YES_ERROR;
				CLANG_WARN_DOCUMENTATION_COMMENTS = YES;
				CLANG_WARN_EMPTY_BODY = YES;
				CLANG_WARN_ENUM_CONVERSION = YES;
				CLANG_WARN_INFINITE_RECURSION = YES;
				CLANG_WARN_INT_CONVERSION = YES;
				CLANG_WARN_OBJC_ROOT_CLASS = YES_ERROR;
				CLANG_WARN_SUSPICIOUS_MOVE = YES;
				CLANG_WARN_SUSPICIOUS_MOVES = YES;
				CLANG_WARN_UNREACHABLE_CODE = YES;
				CLANG_WARN__DUPLICATE_METHOD_MATCH = YES;
				"CODE_SIGN_IDENTITY[sdk=iphoneos*]" = "iPhone Developer";
				COPY_PHASE_STRIP = NO;
				DEBUG_INFORMATION_FORMAT = "dwarf-with-dsym";
				ENABLE_NS_ASSERTIONS = NO;
				ENABLE_STRICT_OBJC_MSGSEND = YES;
				GCC_C_LANGUAGE_STANDARD = gnu99;
				GCC_NO_COMMON_BLOCKS = YES;
				GCC_WARN_64_TO_32_BIT_CONVERSION = YES;
				GCC_WARN_ABOUT_RETURN_TYPE = YES_ERROR;
				GCC_WARN_UNDECLARED_SELECTOR = YES;
				GCC_WARN_UNINITIALIZED_AUTOS = YES_AGGRESSIVE;
				GCC_WARN_UNUSED_FUNCTION = YES;
				GCC_WARN_UNUSED_VARIABLE = YES;
				IPHONEOS_DEPLOYMENT_TARGET = 9.3;
				MTL_ENABLE_DEBUG_INFO = NO;
				SDKROOT = iphoneos;
				VALIDATE_PRODUCT = YES;
			};
			name = Release;
		};
		8B579AE21D94BFD900850458 /* Debug */ = {
			isa = XCBuildConfiguration;
			baseConfigurationReference = D13F0C60F1DC74A213D1E298 /* Pods-VivaDecora.debug.xcconfig */;
			buildSettings = {
				ASSETCATALOG_COMPILER_APPICON_NAME = AppIcon;
				DEVELOPMENT_TEAM = 54JDK55DR5;
				INFOPLIST_FILE = VivaDecora/Info.plist;
				LD_RUNPATH_SEARCH_PATHS = "$(inherited) @executable_path/Frameworks";
				PRODUCT_BUNDLE_IDENTIFIER = com.ezefranca.VivaDecora;
				PRODUCT_NAME = "$(TARGET_NAME)";
			};
			name = Debug;
		};
		8B579AE31D94BFD900850458 /* Release */ = {
			isa = XCBuildConfiguration;
			baseConfigurationReference = B89F976D17B975D2A0137439 /* Pods-VivaDecora.release.xcconfig */;
			buildSettings = {
				ASSETCATALOG_COMPILER_APPICON_NAME = AppIcon;
				DEVELOPMENT_TEAM = 54JDK55DR5;
				INFOPLIST_FILE = VivaDecora/Info.plist;
				LD_RUNPATH_SEARCH_PATHS = "$(inherited) @executable_path/Frameworks";
				PRODUCT_BUNDLE_IDENTIFIER = com.ezefranca.VivaDecora;
				PRODUCT_NAME = "$(TARGET_NAME)";
			};
			name = Release;
		};
		8B579AE51D94BFD900850458 /* Debug */ = {
			isa = XCBuildConfiguration;
			baseConfigurationReference = 82A5119DB6D764C88C7E329A /* Pods-VivaDecoraTests.debug.xcconfig */;
			buildSettings = {
				BUNDLE_LOADER = "$(TEST_HOST)";
				DEVELOPMENT_TEAM = 54JDK55DR5;
				INFOPLIST_FILE = VivaDecoraTests/Info.plist;
				LD_RUNPATH_SEARCH_PATHS = "$(inherited) @executable_path/Frameworks @loader_path/Frameworks";
				PRODUCT_BUNDLE_IDENTIFIER = com.ezefranca.VivaDecoraTests;
				PRODUCT_NAME = "$(TARGET_NAME)";
				TEST_HOST = "$(BUILT_PRODUCTS_DIR)/VivaDecora.app/VivaDecora";
			};
			name = Debug;
		};
		8B579AE61D94BFD900850458 /* Release */ = {
			isa = XCBuildConfiguration;
			baseConfigurationReference = 3D2868D9FAEA1899787659F1 /* Pods-VivaDecoraTests.release.xcconfig */;
			buildSettings = {
				BUNDLE_LOADER = "$(TEST_HOST)";
				DEVELOPMENT_TEAM = 54JDK55DR5;
				INFOPLIST_FILE = VivaDecoraTests/Info.plist;
				LD_RUNPATH_SEARCH_PATHS = "$(inherited) @executable_path/Frameworks @loader_path/Frameworks";
				PRODUCT_BUNDLE_IDENTIFIER = com.ezefranca.VivaDecoraTests;
				PRODUCT_NAME = "$(TARGET_NAME)";
				TEST_HOST = "$(BUILT_PRODUCTS_DIR)/VivaDecora.app/VivaDecora";
			};
			name = Release;
		};
		8B579AE81D94BFD900850458 /* Debug */ = {
			isa = XCBuildConfiguration;
			baseConfigurationReference = 78CA9208B8F76A4B8476B8C7 /* Pods-VivaDecoraUITests.debug.xcconfig */;
			buildSettings = {
				DEVELOPMENT_TEAM = 54JDK55DR5;
				INFOPLIST_FILE = VivaDecoraUITests/Info.plist;
				LD_RUNPATH_SEARCH_PATHS = "$(inherited) @executable_path/Frameworks @loader_path/Frameworks";
				PRODUCT_BUNDLE_IDENTIFIER = com.ezefranca.VivaDecoraUITests;
				PRODUCT_NAME = "$(TARGET_NAME)";
				TEST_TARGET_NAME = VivaDecora;
			};
			name = Debug;
		};
		8B579AE91D94BFD900850458 /* Release */ = {
			isa = XCBuildConfiguration;
			baseConfigurationReference = 81FCCAEF1844846BBB94FF0C /* Pods-VivaDecoraUITests.release.xcconfig */;
			buildSettings = {
				DEVELOPMENT_TEAM = 54JDK55DR5;
				INFOPLIST_FILE = VivaDecoraUITests/Info.plist;
				LD_RUNPATH_SEARCH_PATHS = "$(inherited) @executable_path/Frameworks @loader_path/Frameworks";
				PRODUCT_BUNDLE_IDENTIFIER = com.ezefranca.VivaDecoraUITests;
				PRODUCT_NAME = "$(TARGET_NAME)";
				TEST_TARGET_NAME = VivaDecora;
			};
			name = Release;
		};
/* End XCBuildConfiguration section */

/* Begin XCConfigurationList section */
		8B579AAF1D94BFD900850458 /* Build configuration list for PBXProject "VivaDecora" */ = {
			isa = XCConfigurationList;
			buildConfigurations = (
				8B579ADF1D94BFD900850458 /* Debug */,
				8B579AE01D94BFD900850458 /* Release */,
			);
			defaultConfigurationIsVisible = 0;
			defaultConfigurationName = Release;
		};
		8B579AE11D94BFD900850458 /* Build configuration list for PBXNativeTarget "VivaDecora" */ = {
			isa = XCConfigurationList;
			buildConfigurations = (
				8B579AE21D94BFD900850458 /* Debug */,
				8B579AE31D94BFD900850458 /* Release */,
			);
			defaultConfigurationIsVisible = 0;
			defaultConfigurationName = Release;
		};
		8B579AE41D94BFD900850458 /* Build configuration list for PBXNativeTarget "VivaDecoraTests" */ = {
			isa = XCConfigurationList;
			buildConfigurations = (
				8B579AE51D94BFD900850458 /* Debug */,
				8B579AE61D94BFD900850458 /* Release */,
			);
			defaultConfigurationIsVisible = 0;
			defaultConfigurationName = Release;
		};
		8B579AE71D94BFD900850458 /* Build configuration list for PBXNativeTarget "VivaDecoraUITests" */ = {
			isa = XCConfigurationList;
			buildConfigurations = (
				8B579AE81D94BFD900850458 /* Debug */,
				8B579AE91D94BFD900850458 /* Release */,
			);
			defaultConfigurationIsVisible = 0;
			defaultConfigurationName = Release;
		};
/* End XCConfigurationList section */
	};
	rootObject = 8B579AAC1D94BFD900850458 /* Project object */;
}
